
Microsoft Visual Studio Solution File, Format Version 12.00
# Visual Studio Version 17
VisualStudioVersion = 17.4.33213.308
MinimumVisualStudioVersion = 10.0.40219.1
Project("{FAE04EC0-301F-11D3-BF4B-00C04F79EFBC}") = "Victor_Barkalov_KTA22V-Game", "Victor_Barkalov_KTA22V-Game\Victor_Barkalov_KTA22V-Game.csproj", "{B0BC665E-18AC-4484-91C6-ECD531F73199}"
EndProject
Global
	GlobalSection(SolutionConfigurationPlatforms) = preSolution
		Debug|Any CPU = Debug|Any CPU
		Release|Any CPU = Release|Any CPU
	EndGlobalSection
	GlobalSection(ProjectConfigurationPlatforms) = postSolution
		{B0BC665E-18AC-4484-91C6-ECD531F73199}.Debug|Any CPU.ActiveCfg = Debug|Any CPU
		{B0BC665E-18AC-4484-91C6-ECD531F73199}.Debug|Any CPU.Build.0 = Debug|Any CPU
		{B0BC665E-18AC-4484-91C6-ECD531F73199}.Release|Any CPU.ActiveCfg = Release|Any CPU
		{B0BC665E-18AC-4484-91C6-ECD531F73199}.Release|Any CPU.Build.0 = Release|Any CPU
	EndGlobalSection
	GlobalSection(SolutionProperties) = preSolution
		HideSolutionNode = FALSE
	EndGlobalSection
	GlobalSection(ExtensibilityGlobals) = postSolution
		SolutionGuid = {CE6B099A-4C28-4006-AAB2-30B7C483CF6C}
	EndGlobalSection
EndGlobal
